
Microsoft Visual Studio Solution File, Format Version 12.00
# Visual Studio Version 17
VisualStudioVersion = 17.0.31912.275
MinimumVisualStudioVersion = 10.0.40219.1
Project("{FAE04EC0-301F-11D3-BF4B-00C04F79EFBC}") = "MakeDatabase", "MakeDatabase\MakeDatabase.csproj", "{92869300-58B3-4B4A-88F7-A0D4C359917E}"
EndProject
Global
	GlobalSection(SolutionConfigurationPlatforms) = preSolution
		Debug|Any CPU = Debug|Any CPU
		Release|Any CPU = Release|Any CPU
	EndGlobalSection
	GlobalSection(ProjectConfigurationPlatforms) = postSolution
		{92869300-58B3-4B4A-88F7-A0D4C359917E}.Debug|Any CPU.ActiveCfg = Debug|Any CPU
		{92869300-58B3-4B4A-88F7-A0D4C359917E}.Debug|Any CPU.Build.0 = Debug|Any CPU
		{92869300-58B3-4B4A-88F7-A0D4C359917E}.Release|Any CPU.ActiveCfg = Release|Any CPU
		{92869300-58B3-4B4A-88F7-A0D4C359917E}.Release|Any CPU.Build.0 = Release|Any CPU
	EndGlobalSection
	GlobalSection(SolutionProperties) = preSolution
		HideSolutionNode = FALSE
	EndGlobalSection
	GlobalSection(ExtensibilityGlobals) = postSolution
		SolutionGuid = {74060995-5392-40E5-87DF-B3D8BBA6FC15}
	EndGlobalSection
EndGlobal
