
Microsoft Visual Studio Solution File, Format Version 12.00
# Visual Studio Version 17
VisualStudioVersion = 17.0.31912.275
MinimumVisualStudioVersion = 10.0.40219.1
Project("{FAE04EC0-301F-11D3-BF4B-00C04F79EFBC}") = "CustomORM", "CustomORM\CustomORM.csproj", "{F6FAA4FF-8F64-4300-B3D4-50B52C030ED1}"
EndProject
Project("{FAE04EC0-301F-11D3-BF4B-00C04F79EFBC}") = "Project", "Project\Project.csproj", "{8A7C349C-CB13-4CA5-B9E5-3F576433BC8B}"
EndProject
Project("{FAE04EC0-301F-11D3-BF4B-00C04F79EFBC}") = "DemoEf", "DemoEf\DemoEf.csproj", "{D44C80B3-AC3E-4DA3-8BAD-8CABFE4CFA00}"
EndProject
Global
	GlobalSection(SolutionConfigurationPlatforms) = preSolution
		Debug|Any CPU = Debug|Any CPU
		Release|Any CPU = Release|Any CPU
	EndGlobalSection
	GlobalSection(ProjectConfigurationPlatforms) = postSolution
		{F6FAA4FF-8F64-4300-B3D4-50B52C030ED1}.Debug|Any CPU.ActiveCfg = Debug|Any CPU
		{F6FAA4FF-8F64-4300-B3D4-50B52C030ED1}.Debug|Any CPU.Build.0 = Debug|Any CPU
		{F6FAA4FF-8F64-4300-B3D4-50B52C030ED1}.Release|Any CPU.ActiveCfg = Release|Any CPU
		{F6FAA4FF-8F64-4300-B3D4-50B52C030ED1}.Release|Any CPU.Build.0 = Release|Any CPU
		{8A7C349C-CB13-4CA5-B9E5-3F576433BC8B}.Debug|Any CPU.ActiveCfg = Debug|Any CPU
		{8A7C349C-CB13-4CA5-B9E5-3F576433BC8B}.Debug|Any CPU.Build.0 = Debug|Any CPU
		{8A7C349C-CB13-4CA5-B9E5-3F576433BC8B}.Release|Any CPU.ActiveCfg = Release|Any CPU
		{8A7C349C-CB13-4CA5-B9E5-3F576433BC8B}.Release|Any CPU.Build.0 = Release|Any CPU
		{D44C80B3-AC3E-4DA3-8BAD-8CABFE4CFA00}.Debug|Any CPU.ActiveCfg = Debug|Any CPU
		{D44C80B3-AC3E-4DA3-8BAD-8CABFE4CFA00}.Debug|Any CPU.Build.0 = Debug|Any CPU
		{D44C80B3-AC3E-4DA3-8BAD-8CABFE4CFA00}.Release|Any CPU.ActiveCfg = Release|Any CPU
		{D44C80B3-AC3E-4DA3-8BAD-8CABFE4CFA00}.Release|Any CPU.Build.0 = Release|Any CPU
	EndGlobalSection
	GlobalSection(SolutionProperties) = preSolution
		HideSolutionNode = FALSE
	EndGlobalSection
	GlobalSection(ExtensibilityGlobals) = postSolution
		SolutionGuid = {F514AE4B-DB4F-4785-8353-FCE1D0675232}
	EndGlobalSection
EndGlobal
